
Microsoft Visual Studio Solution File, Format Version 12.00
# Visual Studio Version 17
VisualStudioVersion = 17.11.35222.181
MinimumVisualStudioVersion = 10.0.40219.1
Project("{FAE04EC0-301F-11D3-BF4B-00C04F79EFBC}") = "WebSocketApp-client", "WebSocketApp-client\WebSocketApp-client.csproj", "{0993DCBB-E10D-47F1-B866-F425A1E09A07}"
EndProject
Global
	GlobalSection(SolutionConfigurationPlatforms) = preSolution
		Debug|Any CPU = Debug|Any CPU
		Release|Any CPU = Release|Any CPU
	EndGlobalSection
	GlobalSection(ProjectConfigurationPlatforms) = postSolution
		{0993DCBB-E10D-47F1-B866-F425A1E09A07}.Debug|Any CPU.ActiveCfg = Debug|Any CPU
		{0993DCBB-E10D-47F1-B866-F425A1E09A07}.Debug|Any CPU.Build.0 = Debug|Any CPU
		{0993DCBB-E10D-47F1-B866-F425A1E09A07}.Release|Any CPU.ActiveCfg = Release|Any CPU
		{0993DCBB-E10D-47F1-B866-F425A1E09A07}.Release|Any CPU.Build.0 = Release|Any CPU
	EndGlobalSection
	GlobalSection(SolutionProperties) = preSolution
		HideSolutionNode = FALSE
	EndGlobalSection
	GlobalSection(ExtensibilityGlobals) = postSolution
		SolutionGuid = {ED27B1BC-0547-4A3E-9879-280ED1919013}
	EndGlobalSection
EndGlobal
